schema: '2.0'
stages:
  prepare:
    cmd: python src/prepare.py
    deps:
    - path: src/prepare.py
      hash: md5
      md5: d03c813b1a53698581a8b30a24cb7e91
      size: 883
    outs:
    - path: data/raw
      hash: md5
      md5: fb23a3bea9e0bb09864b66378b0042b3.dir
      size: 737763490
      nfiles: 2
  preprocess:
    cmd: python src/preprocess.py
    deps:
    - path: data/raw
      hash: md5
      md5: fb23a3bea9e0bb09864b66378b0042b3.dir
      size: 737763490
      nfiles: 2
    - path: src/preprocess.py
      hash: md5
      md5: 4da13fa335838096af681b8b620b2fbc
      size: 1214
    params:
      params.yaml:
        preprocess.seed: 42
        preprocess.val_size: 0.1
    outs:
    - path: data/processed
      hash: md5
      md5: 99f02b0395757bf5e2d6427a9de1552a.dir
      size: 737765223
      nfiles: 3
  train:
    cmd: python src/train.py
    deps:
    - path: data/processed
      hash: md5
      md5: 99f02b0395757bf5e2d6427a9de1552a.dir
      size: 737765223
      nfiles: 3
    - path: src/train.py
      hash: md5
      md5: 2d4bf00482aba68256c6a91d555439b5
      size: 2861
    params:
      params.yaml:
        train.batch_size: 128
        train.dropout_rate: 0.35
        train.epochs: 15
        train.learning_rate: 0.001
        train.num_filters: 64
    outs:
    - path: models
      hash: md5
      md5: c154880b22b516395a5a5c5ba2629a3b.dir
      size: 8711717
      nfiles: 2
  evaluate:
    cmd: python src/evaluate.py
    deps:
    - path: data/processed/test.pt
      hash: md5
      md5: 3c841d8b0ba3d19278ce747bf7ddf75b
      size: 122961741
    - path: models/model.pth
      hash: md5
      md5: a0bff031f2be09539dda37e080cb9fe2
      size: 8711101
    - path: src/evaluate.py
      hash: md5
      md5: 0e6ec5b5904fe300a8456a3c128872eb
      size: 2685
    params:
      params.yaml:
        train.dropout_rate: 0.35
        train.num_filters: 64
    outs:
    - path: confusion_matrix.png
      hash: md5
      md5: 79263e2a82f9556fb933fb1d334ea78c
      size: 52113
    - path: metrics.json
      hash: md5
      md5: 929c9ebb74d9938b906e12801c89ab32
      size: 71
